
Microsoft Visual Studio Solution File, Format Version 12.00
# Visual Studio Version 17
VisualStudioVersion = 17.4.33213.308
MinimumVisualStudioVersion = 10.0.40219.1
Project("{FAE04EC0-301F-11D3-BF4B-00C04F79EFBC}") = "WPF_Projekt", "WPF_Projekt.csproj", "{C88EB37B-32D3-48B1-9DE6-96E89E27A602}"
EndProject
Global
	GlobalSection(SolutionConfigurationPlatforms) = preSolution
		Debug|Any CPU = Debug|Any CPU
		Release|Any CPU = Release|Any CPU
	EndGlobalSection
	GlobalSection(ProjectConfigurationPlatforms) = postSolution
		{C88EB37B-32D3-48B1-9DE6-96E89E27A602}.Debug|Any CPU.ActiveCfg = Debug|Any CPU
		{C88EB37B-32D3-48B1-9DE6-96E89E27A602}.Debug|Any CPU.Build.0 = Debug|Any CPU
		{C88EB37B-32D3-48B1-9DE6-96E89E27A602}.Release|Any CPU.ActiveCfg = Release|Any CPU
		{C88EB37B-32D3-48B1-9DE6-96E89E27A602}.Release|Any CPU.Build.0 = Release|Any CPU
	EndGlobalSection
	GlobalSection(SolutionProperties) = preSolution
		HideSolutionNode = FALSE
	EndGlobalSection
	GlobalSection(ExtensibilityGlobals) = postSolution
		SolutionGuid = {6794395D-9F93-46C2-8983-E950D6C83FE2}
	EndGlobalSection
EndGlobal
